
Microsoft Visual Studio Solution File, Format Version 12.00
# Visual Studio Version 16
VisualStudioVersion = 16.0.32428.217
MinimumVisualStudioVersion = 10.0.40219.1
Project("{FAE04EC0-301F-11D3-BF4B-00C04F79EFBC}") = "MVCtut", "MVCtut\MVCtut.csproj", "{510C881B-B1C5-4175-9826-393FB10FE0EF}"
EndProject
Global
	GlobalSection(SolutionConfigurationPlatforms) = preSolution
		Debug|Any CPU = Debug|Any CPU
		Release|Any CPU = Release|Any CPU
	EndGlobalSection
	GlobalSection(ProjectConfigurationPlatforms) = postSolution
		{510C881B-B1C5-4175-9826-393FB10FE0EF}.Debug|Any CPU.ActiveCfg = Debug|Any CPU
		{510C881B-B1C5-4175-9826-393FB10FE0EF}.Debug|Any CPU.Build.0 = Debug|Any CPU
		{510C881B-B1C5-4175-9826-393FB10FE0EF}.Release|Any CPU.ActiveCfg = Release|Any CPU
		{510C881B-B1C5-4175-9826-393FB10FE0EF}.Release|Any CPU.Build.0 = Release|Any CPU
	EndGlobalSection
	GlobalSection(SolutionProperties) = preSolution
		HideSolutionNode = FALSE
	EndGlobalSection
	GlobalSection(ExtensibilityGlobals) = postSolution
		SolutionGuid = {6A5023EB-CC1F-4283-BEAD-BC53A48326DF}
	EndGlobalSection
EndGlobal
